Microsoft Visual Studio Solution File, Format Version 8.00
Project("{8BC9CEB8-8B4A-11D0-8D11-00A0C91BC942}") = "OGMCrusades", "OGMCrusades.vcproj", "{6C2CA1BF-B15E-4C11-8966-186B0C0191F5}"
	ProjectSection(ProjectDependencies) = postProject
	EndProjectSection
EndProject
Global
	GlobalSection(DPCodeReviewSolutionGUID) = preSolution
		DPCodeReviewSolutionGUID = {00000000-0000-0000-0000-000000000000}
	EndGlobalSection
	GlobalSection(SolutionConfiguration) = preSolution
		Debug = Debug
		Debug_Static = Debug_Static
		Release = Release
		Release_Static = Release_Static
	EndGlobalSection
	GlobalSection(ProjectConfiguration) = postSolution
		{6C2CA1BF-B15E-4C11-8966-186B0C0191F5}.Debug.ActiveCfg = Debug|Win32
		{6C2CA1BF-B15E-4C11-8966-186B0C0191F5}.Debug.Build.0 = Debug|Win32
		{6C2CA1BF-B15E-4C11-8966-186B0C0191F5}.Debug_Static.ActiveCfg = Debug_Static|Win32
		{6C2CA1BF-B15E-4C11-8966-186B0C0191F5}.Debug_Static.Build.0 = Debug_Static|Win32
		{6C2CA1BF-B15E-4C11-8966-186B0C0191F5}.Release.ActiveCfg = Release|Win32
		{6C2CA1BF-B15E-4C11-8966-186B0C0191F5}.Release.Build.0 = Release|Win32
		{6C2CA1BF-B15E-4C11-8966-186B0C0191F5}.Release_Static.ActiveCfg = Release_Static|Win32
		{6C2CA1BF-B15E-4C11-8966-186B0C0191F5}.Release_Static.Build.0 = Release_Static|Win32
	EndGlobalSection
	GlobalSection(ExtensibilityGlobals) = postSolution
	EndGlobalSection
	GlobalSection(ExtensibilityAddIns) = postSolution
	EndGlobalSection
EndGlobal
