Microsoft Visual Studio Solution File, Format Version 7.00
Project("{8BC9CEB8-8B4A-11D0-8D11-00A0C91BC942}") = "video_squirrel", "video_squirrel.vcproj", "{F1C6DCC9-D0B5-489A-9A5D-9EF0F84CE3FC}"
EndProject
Project("{8BC9CEB8-8B4A-11D0-8D11-00A0C91BC942}") = "libebml", "..\libebml\make\vc7\lib\libebml.vcproj", "{168C0F0D-9975-4D24-885C-87A9B018617E}"
EndProject
Project("{8BC9CEB8-8B4A-11D0-8D11-00A0C91BC942}") = "libmatroska", "..\libmatroska\make\vc7\lib\static\libmatroska.vcproj", "{69D4F598-1430-4C81-A5E1-A0457C56FFEB}"
EndProject
Global
	GlobalSection(SolutionConfiguration) = preSolution
		ConfigName.0 = Debug
		ConfigName.1 = Release
	EndGlobalSection
	GlobalSection(ProjectDependencies) = postSolution
		{F1C6DCC9-D0B5-489A-9A5D-9EF0F84CE3FC}.0 = {69D4F598-1430-4C81-A5E1-A0457C56FFEB}
		{69D4F598-1430-4C81-A5E1-A0457C56FFEB}.0 = {168C0F0D-9975-4D24-885C-87A9B018617E}
	EndGlobalSection
	GlobalSection(ProjectConfiguration) = postSolution
		{F1C6DCC9-D0B5-489A-9A5D-9EF0F84CE3FC}.Debug.ActiveCfg = Debug|Win32
		{F1C6DCC9-D0B5-489A-9A5D-9EF0F84CE3FC}.Debug.Build.0 = Debug|Win32
		{F1C6DCC9-D0B5-489A-9A5D-9EF0F84CE3FC}.Release.ActiveCfg = Release|Win32
		{F1C6DCC9-D0B5-489A-9A5D-9EF0F84CE3FC}.Release.Build.0 = Release|Win32
		{168C0F0D-9975-4D24-885C-87A9B018617E}.Debug.ActiveCfg = Debug|Win32
		{168C0F0D-9975-4D24-885C-87A9B018617E}.Debug.Build.0 = Debug|Win32
		{168C0F0D-9975-4D24-885C-87A9B018617E}.Release.ActiveCfg = Release|Win32
		{168C0F0D-9975-4D24-885C-87A9B018617E}.Release.Build.0 = Release|Win32
		{69D4F598-1430-4C81-A5E1-A0457C56FFEB}.Debug.ActiveCfg = Debug|Win32
		{69D4F598-1430-4C81-A5E1-A0457C56FFEB}.Debug.Build.0 = Debug|Win32
		{69D4F598-1430-4C81-A5E1-A0457C56FFEB}.Release.ActiveCfg = Release|Win32
		{69D4F598-1430-4C81-A5E1-A0457C56FFEB}.Release.Build.0 = Release|Win32
	EndGlobalSection
	GlobalSection(ExtensibilityGlobals) = postSolution
	EndGlobalSection
	GlobalSection(ExtensibilityAddIns) = postSolution
	EndGlobalSection
EndGlobal
