Microsoft Visual Studio Solution File, Format Version 7.00
Project("{8BC9CEB8-8B4A-11D0-8D11-00A0C91BC942}") = "video_squirrel", "video_squirrel.vcproj", "{F1C6DCC9-D0B5-489A-9A5D-9EF0F84CE3FC}"
EndProject
Project("{8BC9CEB8-8B4A-11D0-8D11-00A0C91BC942}") = "libebml", "..\libebml\make\vc7\lib\libebml.vcproj", "{168C0F0D-9975-4D24-885C-87A9B018617E}"
EndProject
Project("{8BC9CEB8-8B4A-11D0-8D11-00A0C91BC942}") = "libmatroska", "..\libmatroska\make\vc7\lib\static\libmatroska.vcproj", "{69D4F598-1430-4C81-A5E1-A0457C56FFEB}"
EndProject
Global
	GlobalSection(SolutionConfiguration) = preSolution
		ConfigName.0 = Debug
		ConfigName.1 = Debug DLL
		ConfigName.2 = Debug Unicode
		ConfigName.3 = Debug Unicode DLL
		ConfigName.4 = Release
		ConfigName.5 = Release DLL
		ConfigName.6 = Release Unicode
		ConfigName.7 = Release Unicode DLL
		ConfigName.8 = Test
	EndGlobalSection
	GlobalSection(ProjectDependencies) = postSolution
		{F1C6DCC9-D0B5-489A-9A5D-9EF0F84CE3FC}.0 = {69D4F598-1430-4C81-A5E1-A0457C56FFEB}
		{69D4F598-1430-4C81-A5E1-A0457C56FFEB}.0 = {168C0F0D-9975-4D24-885C-87A9B018617E}
	EndGlobalSection
	GlobalSection(ProjectConfiguration) = postSolution
		{F1C6DCC9-D0B5-489A-9A5D-9EF0F84CE3FC}.Debug.ActiveCfg = Debug|Win32
		{F1C6DCC9-D0B5-489A-9A5D-9EF0F84CE3FC}.Debug.Build.0 = Debug|Win32
		{F1C6DCC9-D0B5-489A-9A5D-9EF0F84CE3FC}.Debug DLL.ActiveCfg = Debug|Win32
		{F1C6DCC9-D0B5-489A-9A5D-9EF0F84CE3FC}.Debug DLL.Build.0 = Debug|Win32
		{F1C6DCC9-D0B5-489A-9A5D-9EF0F84CE3FC}.Debug Unicode.ActiveCfg = Debug|Win32
		{F1C6DCC9-D0B5-489A-9A5D-9EF0F84CE3FC}.Debug Unicode.Build.0 = Debug|Win32
		{F1C6DCC9-D0B5-489A-9A5D-9EF0F84CE3FC}.Debug Unicode DLL.ActiveCfg = Debug|Win32
		{F1C6DCC9-D0B5-489A-9A5D-9EF0F84CE3FC}.Debug Unicode DLL.Build.0 = Debug|Win32
		{F1C6DCC9-D0B5-489A-9A5D-9EF0F84CE3FC}.Release.ActiveCfg = Release|Win32
		{F1C6DCC9-D0B5-489A-9A5D-9EF0F84CE3FC}.Release.Build.0 = Release|Win32
		{F1C6DCC9-D0B5-489A-9A5D-9EF0F84CE3FC}.Release DLL.ActiveCfg = Release|Win32
		{F1C6DCC9-D0B5-489A-9A5D-9EF0F84CE3FC}.Release DLL.Build.0 = Release|Win32
		{F1C6DCC9-D0B5-489A-9A5D-9EF0F84CE3FC}.Release Unicode.ActiveCfg = Release|Win32
		{F1C6DCC9-D0B5-489A-9A5D-9EF0F84CE3FC}.Release Unicode.Build.0 = Release|Win32
		{F1C6DCC9-D0B5-489A-9A5D-9EF0F84CE3FC}.Release Unicode DLL.ActiveCfg = Release|Win32
		{F1C6DCC9-D0B5-489A-9A5D-9EF0F84CE3FC}.Release Unicode DLL.Build.0 = Release|Win32
		{F1C6DCC9-D0B5-489A-9A5D-9EF0F84CE3FC}.Test.ActiveCfg = Test|Win32
		{F1C6DCC9-D0B5-489A-9A5D-9EF0F84CE3FC}.Test.Build.0 = Test|Win32
		{168C0F0D-9975-4D24-885C-87A9B018617E}.Debug.ActiveCfg = Debug|Win32
		{168C0F0D-9975-4D24-885C-87A9B018617E}.Debug.Build.0 = Debug|Win32
		{168C0F0D-9975-4D24-885C-87A9B018617E}.Debug DLL.ActiveCfg = Debug|Win32
		{168C0F0D-9975-4D24-885C-87A9B018617E}.Debug DLL.Build.0 = Debug|Win32
		{168C0F0D-9975-4D24-885C-87A9B018617E}.Debug Unicode.ActiveCfg = Debug|Win32
		{168C0F0D-9975-4D24-885C-87A9B018617E}.Debug Unicode.Build.0 = Debug|Win32
		{168C0F0D-9975-4D24-885C-87A9B018617E}.Debug Unicode DLL.ActiveCfg = Debug|Win32
		{168C0F0D-9975-4D24-885C-87A9B018617E}.Debug Unicode DLL.Build.0 = Debug|Win32
		{168C0F0D-9975-4D24-885C-87A9B018617E}.Release.ActiveCfg = Release|Win32
		{168C0F0D-9975-4D24-885C-87A9B018617E}.Release.Build.0 = Release|Win32
		{168C0F0D-9975-4D24-885C-87A9B018617E}.Release DLL.ActiveCfg = Release|Win32
		{168C0F0D-9975-4D24-885C-87A9B018617E}.Release DLL.Build.0 = Release|Win32
		{168C0F0D-9975-4D24-885C-87A9B018617E}.Release Unicode.ActiveCfg = Release|Win32
		{168C0F0D-9975-4D24-885C-87A9B018617E}.Release Unicode.Build.0 = Release|Win32
		{168C0F0D-9975-4D24-885C-87A9B018617E}.Release Unicode DLL.ActiveCfg = Release|Win32
		{168C0F0D-9975-4D24-885C-87A9B018617E}.Release Unicode DLL.Build.0 = Release|Win32
		{168C0F0D-9975-4D24-885C-87A9B018617E}.Test.ActiveCfg = Debug|Win32
		{168C0F0D-9975-4D24-885C-87A9B018617E}.Test.Build.0 = Debug|Win32
		{69D4F598-1430-4C81-A5E1-A0457C56FFEB}.Debug.ActiveCfg = Debug|Win32
		{69D4F598-1430-4C81-A5E1-A0457C56FFEB}.Debug.Build.0 = Debug|Win32
		{69D4F598-1430-4C81-A5E1-A0457C56FFEB}.Debug DLL.ActiveCfg = Debug|Win32
		{69D4F598-1430-4C81-A5E1-A0457C56FFEB}.Debug DLL.Build.0 = Debug|Win32
		{69D4F598-1430-4C81-A5E1-A0457C56FFEB}.Debug Unicode.ActiveCfg = Debug|Win32
		{69D4F598-1430-4C81-A5E1-A0457C56FFEB}.Debug Unicode.Build.0 = Debug|Win32
		{69D4F598-1430-4C81-A5E1-A0457C56FFEB}.Debug Unicode DLL.ActiveCfg = Debug|Win32
		{69D4F598-1430-4C81-A5E1-A0457C56FFEB}.Debug Unicode DLL.Build.0 = Debug|Win32
		{69D4F598-1430-4C81-A5E1-A0457C56FFEB}.Release.ActiveCfg = Release|Win32
		{69D4F598-1430-4C81-A5E1-A0457C56FFEB}.Release.Build.0 = Release|Win32
		{69D4F598-1430-4C81-A5E1-A0457C56FFEB}.Release DLL.ActiveCfg = Release|Win32
		{69D4F598-1430-4C81-A5E1-A0457C56FFEB}.Release DLL.Build.0 = Release|Win32
		{69D4F598-1430-4C81-A5E1-A0457C56FFEB}.Release Unicode.ActiveCfg = Release|Win32
		{69D4F598-1430-4C81-A5E1-A0457C56FFEB}.Release Unicode.Build.0 = Release|Win32
		{69D4F598-1430-4C81-A5E1-A0457C56FFEB}.Release Unicode DLL.ActiveCfg = Release|Win32
		{69D4F598-1430-4C81-A5E1-A0457C56FFEB}.Release Unicode DLL.Build.0 = Release|Win32
		{69D4F598-1430-4C81-A5E1-A0457C56FFEB}.Test.ActiveCfg = Debug|Win32
		{69D4F598-1430-4C81-A5E1-A0457C56FFEB}.Test.Build.0 = Debug|Win32
	EndGlobalSection
	GlobalSection(ExtensibilityGlobals) = postSolution
	EndGlobalSection
	GlobalSection(ExtensibilityAddIns) = postSolution
	EndGlobalSection
EndGlobal
